
Microsoft Visual Studio Solution File, Format Version 12.00
# Visual Studio Version 17
VisualStudioVersion = 17.14.36121.58 d17.14
MinimumVisualStudioVersion = 10.0.40219.1
Project("{FAE04EC0-301F-11D3-BF4B-00C04F79EFBC}") = "Simple_LINQ_ExtentionConsole", "Simple_LINQ_ExtentionConsole\Simple_LINQ_ExtentionConsole.csproj", "{CDDEF9C4-627A-4768-B1D7-F0611F0CC741}"
EndProject
Global
	GlobalSection(SolutionConfigurationPlatforms) = preSolution
		Debug|Any CPU = Debug|Any CPU
		Release|Any CPU = Release|Any CPU
	EndGlobalSection
	GlobalSection(ProjectConfigurationPlatforms) = postSolution
		{CDDEF9C4-627A-4768-B1D7-F0611F0CC741}.Debug|Any CPU.ActiveCfg = Debug|Any CPU
		{CDDEF9C4-627A-4768-B1D7-F0611F0CC741}.Debug|Any CPU.Build.0 = Debug|Any CPU
		{CDDEF9C4-627A-4768-B1D7-F0611F0CC741}.Release|Any CPU.ActiveCfg = Release|Any CPU
		{CDDEF9C4-627A-4768-B1D7-F0611F0CC741}.Release|Any CPU.Build.0 = Release|Any CPU
	EndGlobalSection
	GlobalSection(SolutionProperties) = preSolution
		HideSolutionNode = FALSE
	EndGlobalSection
	GlobalSection(ExtensibilityGlobals) = postSolution
		SolutionGuid = {FF851DE5-8DC5-43A4-B772-6E083661F68E}
	EndGlobalSection
EndGlobal
